
Microsoft Visual Studio Solution File, Format Version 12.00
# Visual Studio Version 17
VisualStudioVersion = 17.4.33205.214
MinimumVisualStudioVersion = 10.0.40219.1
Project("{9A19103F-16F7-4668-BE54-9A1E7A4F7556}") = "DatabaseUI", "DatabaseUI\DatabaseUI.csproj", "{B91B4F1C-34F1-4626-8095-2E2A455C65D4}"
EndProject
Project("{2150E333-8FDC-42A3-9474-1A3956D46DE8}") = "TeacherAndStudentApp", "TeacherAndStudentApp", "{064BE741-952B-4B38-AB9C-DB30B6B1A0F5}"
EndProject
Project("{2150E333-8FDC-42A3-9474-1A3956D46DE8}") = "UserManagementApp", "UserManagementApp", "{121C535D-5C1B-42FF-8356-643C09A433C1}"
EndProject
Project("{FAE04EC0-301F-11D3-BF4B-00C04F79EFBC}") = "UserManagement.UWP", "UserManagement\UserManagement.UWP\UserManagement.UWP.csproj", "{77D77033-4B95-418A-B13E-87074C021CF9}"
EndProject
Project("{FAE04EC0-301F-11D3-BF4B-00C04F79EFBC}") = "UserManagement.Android", "UserManagement\UserManagement.Android\UserManagement.Android.csproj", "{8F084BA8-1900-4F02-AB2A-0F5486E8907F}"
EndProject
Project("{9A19103F-16F7-4668-BE54-9A1E7A4F7556}") = "UserManagement", "UserManagement\UserManagement\UserManagement.csproj", "{DDD75A25-BF59-4EBA-A20D-669861B7EF52}"
EndProject
Project("{FAE04EC0-301F-11D3-BF4B-00C04F79EFBC}") = "Users.UWP", "Users\Users.UWP\Users.UWP.csproj", "{C6929CE1-DC59-43CE-BB7C-DD360B24580E}"
EndProject
Project("{FAE04EC0-301F-11D3-BF4B-00C04F79EFBC}") = "Users.Android", "Users\Users.Android\Users.Android.csproj", "{3FBD3B85-42BB-475A-AD64-3AF3CF0D7D77}"
EndProject
Project("{9A19103F-16F7-4668-BE54-9A1E7A4F7556}") = "Users", "Users\Users\Users.csproj", "{14047DDE-B75E-4A61-97FD-CDF6228D4AB6}"
EndProject
Project("{9A19103F-16F7-4668-BE54-9A1E7A4F7556}") = "DatabaseConnect", "DatabaseConnect\DatabaseConnect.csproj", "{BBB9681F-8863-4799-BD9E-B35BA6C6C3E5}"
EndProject
Project("{2150E333-8FDC-42A3-9474-1A3956D46DE8}") = "ScheduleDepartmentApp", "ScheduleDepartmentApp", "{6FA18C6F-E170-4E0C-9ECB-A2E0E803FA7D}"
EndProject
Project("{FAE04EC0-301F-11D3-BF4B-00C04F79EFBC}") = "ScheduleDepartment.UWP", "ScheduleDepartment\ScheduleDepartment.UWP\ScheduleDepartment.UWP.csproj", "{26EF6A91-C10F-4E03-89F0-216230FBA69C}"
EndProject
Project("{FAE04EC0-301F-11D3-BF4B-00C04F79EFBC}") = "ScheduleDepartment.Android", "ScheduleDepartment\ScheduleDepartment.Android\ScheduleDepartment.Android.csproj", "{657626C9-FC54-4FB0-8ED7-2144AD0DDBB1}"
EndProject
Project("{9A19103F-16F7-4668-BE54-9A1E7A4F7556}") = "ScheduleDepartment", "ScheduleDepartment\ScheduleDepartment\ScheduleDepartment.csproj", "{366E54E2-6C5C-4C50-B749-934281E54F40}"
EndProject
Project("{9A19103F-16F7-4668-BE54-9A1E7A4F7556}") = "InitView", "InitView\InitView.csproj", "{89A3B300-3AB5-4BD6-9CD7-F7E81229EF43}"
EndProject
Project("{9A19103F-16F7-4668-BE54-9A1E7A4F7556}") = "SharedStyles", "SharedStyles\SharedStyles.csproj", "{8D6C7778-8E46-41A6-AD36-10089A4AE24E}"
EndProject
Project("{2150E333-8FDC-42A3-9474-1A3956D46DE8}") = "AdminApp", "AdminApp", "{9B6AF2B5-2F2A-4763-A63D-17C438175E4D}"
EndProject
Project("{FAE04EC0-301F-11D3-BF4B-00C04F79EFBC}") = "Admin.UWP", "Admin\Admin.UWP\Admin.UWP.csproj", "{762DB513-B75A-48CD-8C40-B0BBBC592F9F}"
EndProject
Project("{FAE04EC0-301F-11D3-BF4B-00C04F79EFBC}") = "Admin.Android", "Admin\Admin.Android\Admin.Android.csproj", "{0FF794AA-A35D-4D10-B54F-3E88A5C04AEB}"
EndProject
Project("{FAE04EC0-301F-11D3-BF4B-00C04F79EFBC}") = "Admin.iOS", "Admin\Admin.iOS\Admin.iOS.csproj", "{87A1AA5F-2A67-4D26-879C-3D31B95BD2FA}"
EndProject
Project("{9A19103F-16F7-4668-BE54-9A1E7A4F7556}") = "Admin", "Admin\Admin\Admin.csproj", "{4B792DD1-C0E6-453A-8BC8-B4F4A902891B}"
EndProject
Project("{FAE04EC0-301F-11D3-BF4B-00C04F79EFBC}") = "SharedBasePages", "SharedBasePages\SharedBasePages.csproj", "{123BFE7E-0DC1-4E20-8B41-B91B977B432B}"
EndProject
Global
	GlobalSection(SolutionConfigurationPlatforms) = preSolution
		Debug|Any CPU = Debug|Any CPU
		Debug|ARM = Debug|ARM
		Debug|iPhone = Debug|iPhone
		Debug|iPhoneSimulator = Debug|iPhoneSimulator
		Debug|x64 = Debug|x64
		Debug|x86 = Debug|x86
		Release|Any CPU = Release|Any CPU
		Release|ARM = Release|ARM
		Release|iPhone = Release|iPhone
		Release|iPhoneSimulator = Release|iPhoneSimulator
		Release|x64 = Release|x64
		Release|x86 = Release|x86
	EndGlobalSection
	GlobalSection(ProjectConfigurationPlatforms) = postSolution
		{B91B4F1C-34F1-4626-8095-2E2A455C65D4}.Debug|Any CPU.ActiveCfg = Debug|Any CPU
		{B91B4F1C-34F1-4626-8095-2E2A455C65D4}.Debug|Any CPU.Build.0 = Debug|Any CPU
		{B91B4F1C-34F1-4626-8095-2E2A455C65D4}.Debug|ARM.ActiveCfg = Debug|Any CPU
		{B91B4F1C-34F1-4626-8095-2E2A455C65D4}.Debug|ARM.Build.0 = Debug|Any CPU
		{B91B4F1C-34F1-4626-8095-2E2A455C65D4}.Debug|iPhone.ActiveCfg = Debug|Any CPU
		{B91B4F1C-34F1-4626-8095-2E2A455C65D4}.Debug|iPhone.Build.0 = Debug|Any CPU
		{B91B4F1C-34F1-4626-8095-2E2A455C65D4}.Debug|iPhoneSimulator.ActiveCfg = Debug|Any CPU
		{B91B4F1C-34F1-4626-8095-2E2A455C65D4}.Debug|iPhoneSimulator.Build.0 = Debug|Any CPU
		{B91B4F1C-34F1-4626-8095-2E2A455C65D4}.Debug|x64.ActiveCfg = Debug|Any CPU
		{B91B4F1C-34F1-4626-8095-2E2A455C65D4}.Debug|x64.Build.0 = Debug|Any CPU
		{B91B4F1C-34F1-4626-8095-2E2A455C65D4}.Debug|x86.ActiveCfg = Debug|Any CPU
		{B91B4F1C-34F1-4626-8095-2E2A455C65D4}.Debug|x86.Build.0 = Debug|Any CPU
		{B91B4F1C-34F1-4626-8095-2E2A455C65D4}.Release|Any CPU.ActiveCfg = Release|Any CPU
		{B91B4F1C-34F1-4626-8095-2E2A455C65D4}.Release|Any CPU.Build.0 = Release|Any CPU
		{B91B4F1C-34F1-4626-8095-2E2A455C65D4}.Release|ARM.ActiveCfg = Release|Any CPU
		{B91B4F1C-34F1-4626-8095-2E2A455C65D4}.Release|ARM.Build.0 = Release|Any CPU
		{B91B4F1C-34F1-4626-8095-2E2A455C65D4}.Release|iPhone.ActiveCfg = Release|Any CPU
		{B91B4F1C-34F1-4626-8095-2E2A455C65D4}.Release|iPhone.Build.0 = Release|Any CPU
		{B91B4F1C-34F1-4626-8095-2E2A455C65D4}.Release|iPhoneSimulator.ActiveCfg = Release|Any CPU
		{B91B4F1C-34F1-4626-8095-2E2A455C65D4}.Release|iPhoneSimulator.Build.0 = Release|Any CPU
		{B91B4F1C-34F1-4626-8095-2E2A455C65D4}.Release|x64.ActiveCfg = Release|Any CPU
		{B91B4F1C-34F1-4626-8095-2E2A455C65D4}.Release|x64.Build.0 = Release|Any CPU
		{B91B4F1C-34F1-4626-8095-2E2A455C65D4}.Release|x86.ActiveCfg = Release|Any CPU
		{B91B4F1C-34F1-4626-8095-2E2A455C65D4}.Release|x86.Build.0 = Release|Any CPU
		{77D77033-4B95-418A-B13E-87074C021CF9}.Debug|Any CPU.ActiveCfg = Debug|x64
		{77D77033-4B95-418A-B13E-87074C021CF9}.Debug|Any CPU.Build.0 = Debug|x64
		{77D77033-4B95-418A-B13E-87074C021CF9}.Debug|Any CPU.Deploy.0 = Debug|x64
		{77D77033-4B95-418A-B13E-87074C021CF9}.Debug|ARM.ActiveCfg = Debug|ARM
		{77D77033-4B95-418A-B13E-87074C021CF9}.Debug|ARM.Build.0 = Debug|ARM
		{77D77033-4B95-418A-B13E-87074C021CF9}.Debug|ARM.Deploy.0 = Debug|ARM
		{77D77033-4B95-418A-B13E-87074C021CF9}.Debug|iPhone.ActiveCfg = Debug|x64
		{77D77033-4B95-418A-B13E-87074C021CF9}.Debug|iPhone.Build.0 = Debug|x64
		{77D77033-4B95-418A-B13E-87074C021CF9}.Debug|iPhone.Deploy.0 = Debug|x64
		{77D77033-4B95-418A-B13E-87074C021CF9}.Debug|iPhoneSimulator.ActiveCfg = Debug|x64
		{77D77033-4B95-418A-B13E-87074C021CF9}.Debug|iPhoneSimulator.Build.0 = Debug|x64
		{77D77033-4B95-418A-B13E-87074C021CF9}.Debug|iPhoneSimulator.Deploy.0 = Debug|x64
		{77D77033-4B95-418A-B13E-87074C021CF9}.Debug|x64.ActiveCfg = Debug|x64
		{77D77033-4B95-418A-B13E-87074C021CF9}.Debug|x64.Build.0 = Debug|x64
		{77D77033-4B95-418A-B13E-87074C021CF9}.Debug|x64.Deploy.0 = Debug|x64
		{77D77033-4B95-418A-B13E-87074C021CF9}.Debug|x86.ActiveCfg = Debug|x86
		{77D77033-4B95-418A-B13E-87074C021CF9}.Debug|x86.Build.0 = Debug|x86
		{77D77033-4B95-418A-B13E-87074C021CF9}.Debug|x86.Deploy.0 = Debug|x86
		{77D77033-4B95-418A-B13E-87074C021CF9}.Release|Any CPU.ActiveCfg = Release|x64
		{77D77033-4B95-418A-B13E-87074C021CF9}.Release|Any CPU.Build.0 = Release|x64
		{77D77033-4B95-418A-B13E-87074C021CF9}.Release|Any CPU.Deploy.0 = Release|x64
		{77D77033-4B95-418A-B13E-87074C021CF9}.Release|ARM.ActiveCfg = Release|ARM
		{77D77033-4B95-418A-B13E-87074C021CF9}.Release|ARM.Build.0 = Release|ARM
		{77D77033-4B95-418A-B13E-87074C021CF9}.Release|ARM.Deploy.0 = Release|ARM
		{77D77033-4B95-418A-B13E-87074C021CF9}.Release|iPhone.ActiveCfg = Release|x64
		{77D77033-4B95-418A-B13E-87074C021CF9}.Release|iPhone.Build.0 = Release|x64
		{77D77033-4B95-418A-B13E-87074C021CF9}.Release|iPhone.Deploy.0 = Release|x64
		{77D77033-4B95-418A-B13E-87074C021CF9}.Release|iPhoneSimulator.ActiveCfg = Release|x64
		{77D77033-4B95-418A-B13E-87074C021CF9}.Release|iPhoneSimulator.Build.0 = Release|x64
		{77D77033-4B95-418A-B13E-87074C021CF9}.Release|iPhoneSimulator.Deploy.0 = Release|x64
		{77D77033-4B95-418A-B13E-87074C021CF9}.Release|x64.ActiveCfg = Release|x64
		{77D77033-4B95-418A-B13E-87074C021CF9}.Release|x64.Build.0 = Release|x64
		{77D77033-4B95-418A-B13E-87074C021CF9}.Release|x64.Deploy.0 = Release|x64
		{77D77033-4B95-418A-B13E-87074C021CF9}.Release|x86.ActiveCfg = Release|x86
		{77D77033-4B95-418A-B13E-87074C021CF9}.Release|x86.Build.0 = Release|x86
		{77D77033-4B95-418A-B13E-87074C021CF9}.Release|x86.Deploy.0 = Release|x86
		{8F084BA8-1900-4F02-AB2A-0F5486E8907F}.Debug|Any CPU.ActiveCfg = Debug|Any CPU
		{8F084BA8-1900-4F02-AB2A-0F5486E8907F}.Debug|Any CPU.Build.0 = Debug|Any CPU
		{8F084BA8-1900-4F02-AB2A-0F5486E8907F}.Debug|Any CPU.Deploy.0 = Debug|Any CPU
		{8F084BA8-1900-4F02-AB2A-0F5486E8907F}.Debug|ARM.ActiveCfg = Debug|Any CPU
		{8F084BA8-1900-4F02-AB2A-0F5486E8907F}.Debug|ARM.Build.0 = Debug|Any CPU
		{8F084BA8-1900-4F02-AB2A-0F5486E8907F}.Debug|ARM.Deploy.0 = Debug|Any CPU
		{8F084BA8-1900-4F02-AB2A-0F5486E8907F}.Debug|iPhone.ActiveCfg = Debug|Any CPU
		{8F084BA8-1900-4F02-AB2A-0F5486E8907F}.Debug|iPhone.Build.0 = Debug|Any CPU
		{8F084BA8-1900-4F02-AB2A-0F5486E8907F}.Debug|iPhone.Deploy.0 = Debug|Any CPU
		{8F084BA8-1900-4F02-AB2A-0F5486E8907F}.Debug|iPhoneSimulator.ActiveCfg = Debug|Any CPU
		{8F084BA8-1900-4F02-AB2A-0F5486E8907F}.Debug|iPhoneSimulator.Build.0 = Debug|Any CPU
		{8F084BA8-1900-4F02-AB2A-0F5486E8907F}.Debug|iPhoneSimulator.Deploy.0 = Debug|Any CPU
		{8F084BA8-1900-4F02-AB2A-0F5486E8907F}.Debug|x64.ActiveCfg = Debug|Any CPU
		{8F084BA8-1900-4F02-AB2A-0F5486E8907F}.Debug|x64.Build.0 = Debug|Any CPU
		{8F084BA8-1900-4F02-AB2A-0F5486E8907F}.Debug|x64.Deploy.0 = Debug|Any CPU
		{8F084BA8-1900-4F02-AB2A-0F5486E8907F}.Debug|x86.ActiveCfg = Debug|Any CPU
		{8F084BA8-1900-4F02-AB2A-0F5486E8907F}.Debug|x86.Build.0 = Debug|Any CPU
		{8F084BA8-1900-4F02-AB2A-0F5486E8907F}.Debug|x86.Deploy.0 = Debug|Any CPU
		{8F084BA8-1900-4F02-AB2A-0F5486E8907F}.Release|Any CPU.ActiveCfg = Release|Any CPU
		{8F084BA8-1900-4F02-AB2A-0F5486E8907F}.Release|Any CPU.Build.0 = Release|Any CPU
		{8F084BA8-1900-4F02-AB2A-0F5486E8907F}.Release|Any CPU.Deploy.0 = Release|Any CPU
		{8F084BA8-1900-4F02-AB2A-0F5486E8907F}.Release|ARM.ActiveCfg = Release|Any CPU
		{8F084BA8-1900-4F02-AB2A-0F5486E8907F}.Release|ARM.Build.0 = Release|Any CPU
		{8F084BA8-1900-4F02-AB2A-0F5486E8907F}.Release|ARM.Deploy.0 = Release|Any CPU
		{8F084BA8-1900-4F02-AB2A-0F5486E8907F}.Release|iPhone.ActiveCfg = Release|Any CPU
		{8F084BA8-1900-4F02-AB2A-0F5486E8907F}.Release|iPhone.Build.0 = Release|Any CPU
		{8F084BA8-1900-4F02-AB2A-0F5486E8907F}.Release|iPhone.Deploy.0 = Release|Any CPU
		{8F084BA8-1900-4F02-AB2A-0F5486E8907F}.Release|iPhoneSimulator.ActiveCfg = Release|Any CPU
		{8F084BA8-1900-4F02-AB2A-0F5486E8907F}.Release|iPhoneSimulator.Build.0 = Release|Any CPU
		{8F084BA8-1900-4F02-AB2A-0F5486E8907F}.Release|iPhoneSimulator.Deploy.0 = Release|Any CPU
		{8F084BA8-1900-4F02-AB2A-0F5486E8907F}.Release|x64.ActiveCfg = Release|Any CPU
		{8F084BA8-1900-4F02-AB2A-0F5486E8907F}.Release|x64.Build.0 = Release|Any CPU
		{8F084BA8-1900-4F02-AB2A-0F5486E8907F}.Release|x64.Deploy.0 = Release|Any CPU
		{8F084BA8-1900-4F02-AB2A-0F5486E8907F}.Release|x86.ActiveCfg = Release|Any CPU
		{8F084BA8-1900-4F02-AB2A-0F5486E8907F}.Release|x86.Build.0 = Release|Any CPU
		{8F084BA8-1900-4F02-AB2A-0F5486E8907F}.Release|x86.Deploy.0 = Release|Any CPU
		{DDD75A25-BF59-4EBA-A20D-669861B7EF52}.Debug|Any CPU.ActiveCfg = Debug|Any CPU
		{DDD75A25-BF59-4EBA-A20D-669861B7EF52}.Debug|Any CPU.Build.0 = Debug|Any CPU
		{DDD75A25-BF59-4EBA-A20D-669861B7EF52}.Debug|ARM.ActiveCfg = Debug|Any CPU
		{DDD75A25-BF59-4EBA-A20D-669861B7EF52}.Debug|ARM.Build.0 = Debug|Any CPU
		{DDD75A25-BF59-4EBA-A20D-669861B7EF52}.Debug|iPhone.ActiveCfg = Debug|Any CPU
		{DDD75A25-BF59-4EBA-A20D-669861B7EF52}.Debug|iPhone.Build.0 = Debug|Any CPU
		{DDD75A25-BF59-4EBA-A20D-669861B7EF52}.Debug|iPhoneSimulator.ActiveCfg = Debug|Any CPU
		{DDD75A25-BF59-4EBA-A20D-669861B7EF52}.Debug|iPhoneSimulator.Build.0 = Debug|Any CPU
		{DDD75A25-BF59-4EBA-A20D-669861B7EF52}.Debug|x64.ActiveCfg = Debug|Any CPU
		{DDD75A25-BF59-4EBA-A20D-669861B7EF52}.Debug|x64.Build.0 = Debug|Any CPU
		{DDD75A25-BF59-4EBA-A20D-669861B7EF52}.Debug|x86.ActiveCfg = Debug|Any CPU
		{DDD75A25-BF59-4EBA-A20D-669861B7EF52}.Debug|x86.Build.0 = Debug|Any CPU
		{DDD75A25-BF59-4EBA-A20D-669861B7EF52}.Release|Any CPU.ActiveCfg = Release|Any CPU
		{DDD75A25-BF59-4EBA-A20D-669861B7EF52}.Release|Any CPU.Build.0 = Release|Any CPU
		{DDD75A25-BF59-4EBA-A20D-669861B7EF52}.Release|ARM.ActiveCfg = Release|Any CPU
		{DDD75A25-BF59-4EBA-A20D-669861B7EF52}.Release|ARM.Build.0 = Release|Any CPU
		{DDD75A25-BF59-4EBA-A20D-669861B7EF52}.Release|iPhone.ActiveCfg = Release|Any CPU
		{DDD75A25-BF59-4EBA-A20D-669861B7EF52}.Release|iPhone.Build.0 = Release|Any CPU
		{DDD75A25-BF59-4EBA-A20D-669861B7EF52}.Release|iPhoneSimulator.ActiveCfg = Release|Any CPU
		{DDD75A25-BF59-4EBA-A20D-669861B7EF52}.Release|iPhoneSimulator.Build.0 = Release|Any CPU
		{DDD75A25-BF59-4EBA-A20D-669861B7EF52}.Release|x64.ActiveCfg = Release|Any CPU
		{DDD75A25-BF59-4EBA-A20D-669861B7EF52}.Release|x64.Build.0 = Release|Any CPU
		{DDD75A25-BF59-4EBA-A20D-669861B7EF52}.Release|x86.ActiveCfg = Release|Any CPU
		{DDD75A25-BF59-4EBA-A20D-669861B7EF52}.Release|x86.Build.0 = Release|Any CPU
		{C6929CE1-DC59-43CE-BB7C-DD360B24580E}.Debug|Any CPU.ActiveCfg = Debug|x64
		{C6929CE1-DC59-43CE-BB7C-DD360B24580E}.Debug|Any CPU.Build.0 = Debug|x64
		{C6929CE1-DC59-43CE-BB7C-DD360B24580E}.Debug|Any CPU.Deploy.0 = Debug|x64
		{C6929CE1-DC59-43CE-BB7C-DD360B24580E}.Debug|ARM.ActiveCfg = Debug|ARM
		{C6929CE1-DC59-43CE-BB7C-DD360B24580E}.Debug|ARM.Build.0 = Debug|ARM
		{C6929CE1-DC59-43CE-BB7C-DD360B24580E}.Debug|ARM.Deploy.0 = Debug|ARM
		{C6929CE1-DC59-43CE-BB7C-DD360B24580E}.Debug|iPhone.ActiveCfg = Debug|x64
		{C6929CE1-DC59-43CE-BB7C-DD360B24580E}.Debug|iPhone.Build.0 = Debug|x64
		{C6929CE1-DC59-43CE-BB7C-DD360B24580E}.Debug|iPhone.Deploy.0 = Debug|x64
		{C6929CE1-DC59-43CE-BB7C-DD360B24580E}.Debug|iPhoneSimulator.ActiveCfg = Debug|x64
		{C6929CE1-DC59-43CE-BB7C-DD360B24580E}.Debug|iPhoneSimulator.Build.0 = Debug|x64
		{C6929CE1-DC59-43CE-BB7C-DD360B24580E}.Debug|iPhoneSimulator.Deploy.0 = Debug|x64
		{C6929CE1-DC59-43CE-BB7C-DD360B24580E}.Debug|x64.ActiveCfg = Debug|x64
		{C6929CE1-DC59-43CE-BB7C-DD360B24580E}.Debug|x64.Build.0 = Debug|x64
		{C6929CE1-DC59-43CE-BB7C-DD360B24580E}.Debug|x64.Deploy.0 = Debug|x64
		{C6929CE1-DC59-43CE-BB7C-DD360B24580E}.Debug|x86.ActiveCfg = Debug|x86
		{C6929CE1-DC59-43CE-BB7C-DD360B24580E}.Debug|x86.Build.0 = Debug|x86
		{C6929CE1-DC59-43CE-BB7C-DD360B24580E}.Debug|x86.Deploy.0 = Debug|x86
		{C6929CE1-DC59-43CE-BB7C-DD360B24580E}.Release|Any CPU.ActiveCfg = Release|x64
		{C6929CE1-DC59-43CE-BB7C-DD360B24580E}.Release|Any CPU.Build.0 = Release|x64
		{C6929CE1-DC59-43CE-BB7C-DD360B24580E}.Release|Any CPU.Deploy.0 = Release|x64
		{C6929CE1-DC59-43CE-BB7C-DD360B24580E}.Release|ARM.ActiveCfg = Release|ARM
		{C6929CE1-DC59-43CE-BB7C-DD360B24580E}.Release|ARM.Build.0 = Release|ARM
		{C6929CE1-DC59-43CE-BB7C-DD360B24580E}.Release|ARM.Deploy.0 = Release|ARM
		{C6929CE1-DC59-43CE-BB7C-DD360B24580E}.Release|iPhone.ActiveCfg = Release|x64
		{C6929CE1-DC59-43CE-BB7C-DD360B24580E}.Release|iPhone.Build.0 = Release|x64
		{C6929CE1-DC59-43CE-BB7C-DD360B24580E}.Release|iPhone.Deploy.0 = Release|x64
		{C6929CE1-DC59-43CE-BB7C-DD360B24580E}.Release|iPhoneSimulator.ActiveCfg = Release|x64
		{C6929CE1-DC59-43CE-BB7C-DD360B24580E}.Release|iPhoneSimulator.Build.0 = Release|x64
		{C6929CE1-DC59-43CE-BB7C-DD360B24580E}.Release|iPhoneSimulator.Deploy.0 = Release|x64
		{C6929CE1-DC59-43CE-BB7C-DD360B24580E}.Release|x64.ActiveCfg = Release|x64
		{C6929CE1-DC59-43CE-BB7C-DD360B24580E}.Release|x64.Build.0 = Release|x64
		{C6929CE1-DC59-43CE-BB7C-DD360B24580E}.Release|x64.Deploy.0 = Release|x64
		{C6929CE1-DC59-43CE-BB7C-DD360B24580E}.Release|x86.ActiveCfg = Release|x86
		{C6929CE1-DC59-43CE-BB7C-DD360B24580E}.Release|x86.Build.0 = Release|x86
		{C6929CE1-DC59-43CE-BB7C-DD360B24580E}.Release|x86.Deploy.0 = Release|x86
		{3FBD3B85-42BB-475A-AD64-3AF3CF0D7D77}.Debug|Any CPU.ActiveCfg = Debug|Any CPU
		{3FBD3B85-42BB-475A-AD64-3AF3CF0D7D77}.Debug|Any CPU.Build.0 = Debug|Any CPU
		{3FBD3B85-42BB-475A-AD64-3AF3CF0D7D77}.Debug|Any CPU.Deploy.0 = Debug|Any CPU
		{3FBD3B85-42BB-475A-AD64-3AF3CF0D7D77}.Debug|ARM.ActiveCfg = Debug|Any CPU
		{3FBD3B85-42BB-475A-AD64-3AF3CF0D7D77}.Debug|ARM.Build.0 = Debug|Any CPU
		{3FBD3B85-42BB-475A-AD64-3AF3CF0D7D77}.Debug|ARM.Deploy.0 = Debug|Any CPU
		{3FBD3B85-42BB-475A-AD64-3AF3CF0D7D77}.Debug|iPhone.ActiveCfg = Debug|Any CPU
		{3FBD3B85-42BB-475A-AD64-3AF3CF0D7D77}.Debug|iPhone.Build.0 = Debug|Any CPU
		{3FBD3B85-42BB-475A-AD64-3AF3CF0D7D77}.Debug|iPhone.Deploy.0 = Debug|Any CPU
		{3FBD3B85-42BB-475A-AD64-3AF3CF0D7D77}.Debug|iPhoneSimulator.ActiveCfg = Debug|Any CPU
		{3FBD3B85-42BB-475A-AD64-3AF3CF0D7D77}.Debug|iPhoneSimulator.Build.0 = Debug|Any CPU
		{3FBD3B85-42BB-475A-AD64-3AF3CF0D7D77}.Debug|iPhoneSimulator.Deploy.0 = Debug|Any CPU
		{3FBD3B85-42BB-475A-AD64-3AF3CF0D7D77}.Debug|x64.ActiveCfg = Debug|Any CPU
		{3FBD3B85-42BB-475A-AD64-3AF3CF0D7D77}.Debug|x64.Build.0 = Debug|Any CPU
		{3FBD3B85-42BB-475A-AD64-3AF3CF0D7D77}.Debug|x64.Deploy.0 = Debug|Any CPU
		{3FBD3B85-42BB-475A-AD64-3AF3CF0D7D77}.Debug|x86.ActiveCfg = Debug|Any CPU
		{3FBD3B85-42BB-475A-AD64-3AF3CF0D7D77}.Debug|x86.Build.0 = Debug|Any CPU
		{3FBD3B85-42BB-475A-AD64-3AF3CF0D7D77}.Debug|x86.Deploy.0 = Debug|Any CPU
		{3FBD3B85-42BB-475A-AD64-3AF3CF0D7D77}.Release|Any CPU.ActiveCfg = Release|Any CPU
		{3FBD3B85-42BB-475A-AD64-3AF3CF0D7D77}.Release|Any CPU.Build.0 = Release|Any CPU
		{3FBD3B85-42BB-475A-AD64-3AF3CF0D7D77}.Release|Any CPU.Deploy.0 = Release|Any CPU
		{3FBD3B85-42BB-475A-AD64-3AF3CF0D7D77}.Release|ARM.ActiveCfg = Release|Any CPU
		{3FBD3B85-42BB-475A-AD64-3AF3CF0D7D77}.Release|ARM.Build.0 = Release|Any CPU
		{3FBD3B85-42BB-475A-AD64-3AF3CF0D7D77}.Release|ARM.Deploy.0 = Release|Any CPU
		{3FBD3B85-42BB-475A-AD64-3AF3CF0D7D77}.Release|iPhone.ActiveCfg = Release|Any CPU
		{3FBD3B85-42BB-475A-AD64-3AF3CF0D7D77}.Release|iPhone.Build.0 = Release|Any CPU
		{3FBD3B85-42BB-475A-AD64-3AF3CF0D7D77}.Release|iPhone.Deploy.0 = Release|Any CPU
		{3FBD3B85-42BB-475A-AD64-3AF3CF0D7D77}.Release|iPhoneSimulator.ActiveCfg = Release|Any CPU
		{3FBD3B85-42BB-475A-AD64-3AF3CF0D7D77}.Release|iPhoneSimulator.Build.0 = Release|Any CPU
		{3FBD3B85-42BB-475A-AD64-3AF3CF0D7D77}.Release|iPhoneSimulator.Deploy.0 = Release|Any CPU
		{3FBD3B85-42BB-475A-AD64-3AF3CF0D7D77}.Release|x64.ActiveCfg = Release|Any CPU
		{3FBD3B85-42BB-475A-AD64-3AF3CF0D7D77}.Release|x64.Build.0 = Release|Any CPU
		{3FBD3B85-42BB-475A-AD64-3AF3CF0D7D77}.Release|x64.Deploy.0 = Release|Any CPU
		{3FBD3B85-42BB-475A-AD64-3AF3CF0D7D77}.Release|x86.ActiveCfg = Release|Any CPU
		{3FBD3B85-42BB-475A-AD64-3AF3CF0D7D77}.Release|x86.Build.0 = Release|Any CPU
		{3FBD3B85-42BB-475A-AD64-3AF3CF0D7D77}.Release|x86.Deploy.0 = Release|Any CPU
		{14047DDE-B75E-4A61-97FD-CDF6228D4AB6}.Debug|Any CPU.ActiveCfg = Debug|Any CPU
		{14047DDE-B75E-4A61-97FD-CDF6228D4AB6}.Debug|Any CPU.Build.0 = Debug|Any CPU
		{14047DDE-B75E-4A61-97FD-CDF6228D4AB6}.Debug|ARM.ActiveCfg = Debug|Any CPU
		{14047DDE-B75E-4A61-97FD-CDF6228D4AB6}.Debug|ARM.Build.0 = Debug|Any CPU
		{14047DDE-B75E-4A61-97FD-CDF6228D4AB6}.Debug|iPhone.ActiveCfg = Debug|Any CPU
		{14047DDE-B75E-4A61-97FD-CDF6228D4AB6}.Debug|iPhone.Build.0 = Debug|Any CPU
		{14047DDE-B75E-4A61-97FD-CDF6228D4AB6}.Debug|iPhoneSimulator.ActiveCfg = Debug|Any CPU
		{14047DDE-B75E-4A61-97FD-CDF6228D4AB6}.Debug|iPhoneSimulator.Build.0 = Debug|Any CPU
		{14047DDE-B75E-4A61-97FD-CDF6228D4AB6}.Debug|x64.ActiveCfg = Debug|Any CPU
		{14047DDE-B75E-4A61-97FD-CDF6228D4AB6}.Debug|x64.Build.0 = Debug|Any CPU
		{14047DDE-B75E-4A61-97FD-CDF6228D4AB6}.Debug|x86.ActiveCfg = Debug|Any CPU
		{14047DDE-B75E-4A61-97FD-CDF6228D4AB6}.Debug|x86.Build.0 = Debug|Any CPU
		{14047DDE-B75E-4A61-97FD-CDF6228D4AB6}.Release|Any CPU.ActiveCfg = Release|Any CPU
		{14047DDE-B75E-4A61-97FD-CDF6228D4AB6}.Release|Any CPU.Build.0 = Release|Any CPU
		{14047DDE-B75E-4A61-97FD-CDF6228D4AB6}.Release|ARM.ActiveCfg = Release|Any CPU
		{14047DDE-B75E-4A61-97FD-CDF6228D4AB6}.Release|ARM.Build.0 = Release|Any CPU
		{14047DDE-B75E-4A61-97FD-CDF6228D4AB6}.Release|iPhone.ActiveCfg = Release|Any CPU
		{14047DDE-B75E-4A61-97FD-CDF6228D4AB6}.Release|iPhone.Build.0 = Release|Any CPU
		{14047DDE-B75E-4A61-97FD-CDF6228D4AB6}.Release|iPhoneSimulator.ActiveCfg = Release|Any CPU
		{14047DDE-B75E-4A61-97FD-CDF6228D4AB6}.Release|iPhoneSimulator.Build.0 = Release|Any CPU
		{14047DDE-B75E-4A61-97FD-CDF6228D4AB6}.Release|x64.ActiveCfg = Release|Any CPU
		{14047DDE-B75E-4A61-97FD-CDF6228D4AB6}.Release|x64.Build.0 = Release|Any CPU
		{14047DDE-B75E-4A61-97FD-CDF6228D4AB6}.Release|x86.ActiveCfg = Release|Any CPU
		{14047DDE-B75E-4A61-97FD-CDF6228D4AB6}.Release|x86.Build.0 = Release|Any CPU
		{BBB9681F-8863-4799-BD9E-B35BA6C6C3E5}.Debug|Any CPU.ActiveCfg = Debug|Any CPU
		{BBB9681F-8863-4799-BD9E-B35BA6C6C3E5}.Debug|Any CPU.Build.0 = Debug|Any CPU
		{BBB9681F-8863-4799-BD9E-B35BA6C6C3E5}.Debug|ARM.ActiveCfg = Debug|Any CPU
		{BBB9681F-8863-4799-BD9E-B35BA6C6C3E5}.Debug|ARM.Build.0 = Debug|Any CPU
		{BBB9681F-8863-4799-BD9E-B35BA6C6C3E5}.Debug|iPhone.ActiveCfg = Debug|Any CPU
		{BBB9681F-8863-4799-BD9E-B35BA6C6C3E5}.Debug|iPhone.Build.0 = Debug|Any CPU
		{BBB9681F-8863-4799-BD9E-B35BA6C6C3E5}.Debug|iPhoneSimulator.ActiveCfg = Debug|Any CPU
		{BBB9681F-8863-4799-BD9E-B35BA6C6C3E5}.Debug|iPhoneSimulator.Build.0 = Debug|Any CPU
		{BBB9681F-8863-4799-BD9E-B35BA6C6C3E5}.Debug|x64.ActiveCfg = Debug|Any CPU
		{BBB9681F-8863-4799-BD9E-B35BA6C6C3E5}.Debug|x64.Build.0 = Debug|Any CPU
		{BBB9681F-8863-4799-BD9E-B35BA6C6C3E5}.Debug|x86.ActiveCfg = Debug|Any CPU
		{BBB9681F-8863-4799-BD9E-B35BA6C6C3E5}.Debug|x86.Build.0 = Debug|Any CPU
		{BBB9681F-8863-4799-BD9E-B35BA6C6C3E5}.Release|Any CPU.ActiveCfg = Release|Any CPU
		{BBB9681F-8863-4799-BD9E-B35BA6C6C3E5}.Release|Any CPU.Build.0 = Release|Any CPU
		{BBB9681F-8863-4799-BD9E-B35BA6C6C3E5}.Release|ARM.ActiveCfg = Release|Any CPU
		{BBB9681F-8863-4799-BD9E-B35BA6C6C3E5}.Release|ARM.Build.0 = Release|Any CPU
		{BBB9681F-8863-4799-BD9E-B35BA6C6C3E5}.Release|iPhone.ActiveCfg = Release|Any CPU
		{BBB9681F-8863-4799-BD9E-B35BA6C6C3E5}.Release|iPhone.Build.0 = Release|Any CPU
		{BBB9681F-8863-4799-BD9E-B35BA6C6C3E5}.Release|iPhoneSimulator.ActiveCfg = Release|Any CPU
		{BBB9681F-8863-4799-BD9E-B35BA6C6C3E5}.Release|iPhoneSimulator.Build.0 = Release|Any CPU
		{BBB9681F-8863-4799-BD9E-B35BA6C6C3E5}.Release|x64.ActiveCfg = Release|Any CPU
		{BBB9681F-8863-4799-BD9E-B35BA6C6C3E5}.Release|x64.Build.0 = Release|Any CPU
		{BBB9681F-8863-4799-BD9E-B35BA6C6C3E5}.Release|x86.ActiveCfg = Release|Any CPU
		{BBB9681F-8863-4799-BD9E-B35BA6C6C3E5}.Release|x86.Build.0 = Release|Any CPU
		{26EF6A91-C10F-4E03-89F0-216230FBA69C}.Debug|Any CPU.ActiveCfg = Debug|x64
		{26EF6A91-C10F-4E03-89F0-216230FBA69C}.Debug|Any CPU.Build.0 = Debug|x64
		{26EF6A91-C10F-4E03-89F0-216230FBA69C}.Debug|Any CPU.Deploy.0 = Debug|x64
		{26EF6A91-C10F-4E03-89F0-216230FBA69C}.Debug|ARM.ActiveCfg = Debug|ARM
		{26EF6A91-C10F-4E03-89F0-216230FBA69C}.Debug|ARM.Build.0 = Debug|ARM
		{26EF6A91-C10F-4E03-89F0-216230FBA69C}.Debug|ARM.Deploy.0 = Debug|ARM
		{26EF6A91-C10F-4E03-89F0-216230FBA69C}.Debug|iPhone.ActiveCfg = Debug|x64
		{26EF6A91-C10F-4E03-89F0-216230FBA69C}.Debug|iPhone.Build.0 = Debug|x64
		{26EF6A91-C10F-4E03-89F0-216230FBA69C}.Debug|iPhone.Deploy.0 = Debug|x64
		{26EF6A91-C10F-4E03-89F0-216230FBA69C}.Debug|iPhoneSimulator.ActiveCfg = Debug|x64
		{26EF6A91-C10F-4E03-89F0-216230FBA69C}.Debug|iPhoneSimulator.Build.0 = Debug|x64
		{26EF6A91-C10F-4E03-89F0-216230FBA69C}.Debug|iPhoneSimulator.Deploy.0 = Debug|x64
		{26EF6A91-C10F-4E03-89F0-216230FBA69C}.Debug|x64.ActiveCfg = Debug|x64
		{26EF6A91-C10F-4E03-89F0-216230FBA69C}.Debug|x64.Build.0 = Debug|x64
		{26EF6A91-C10F-4E03-89F0-216230FBA69C}.Debug|x64.Deploy.0 = Debug|x64
		{26EF6A91-C10F-4E03-89F0-216230FBA69C}.Debug|x86.ActiveCfg = Debug|x86
		{26EF6A91-C10F-4E03-89F0-216230FBA69C}.Debug|x86.Build.0 = Debug|x86
		{26EF6A91-C10F-4E03-89F0-216230FBA69C}.Debug|x86.Deploy.0 = Debug|x86
		{26EF6A91-C10F-4E03-89F0-216230FBA69C}.Release|Any CPU.ActiveCfg = Release|x64
		{26EF6A91-C10F-4E03-89F0-216230FBA69C}.Release|Any CPU.Build.0 = Release|x64
		{26EF6A91-C10F-4E03-89F0-216230FBA69C}.Release|Any CPU.Deploy.0 = Release|x64
		{26EF6A91-C10F-4E03-89F0-216230FBA69C}.Release|ARM.ActiveCfg = Release|ARM
		{26EF6A91-C10F-4E03-89F0-216230FBA69C}.Release|ARM.Build.0 = Release|ARM
		{26EF6A91-C10F-4E03-89F0-216230FBA69C}.Release|ARM.Deploy.0 = Release|ARM
		{26EF6A91-C10F-4E03-89F0-216230FBA69C}.Release|iPhone.ActiveCfg = Release|x64
		{26EF6A91-C10F-4E03-89F0-216230FBA69C}.Release|iPhone.Build.0 = Release|x64
		{26EF6A91-C10F-4E03-89F0-216230FBA69C}.Release|iPhone.Deploy.0 = Release|x64
		{26EF6A91-C10F-4E03-89F0-216230FBA69C}.Release|iPhoneSimulator.ActiveCfg = Release|x64
		{26EF6A91-C10F-4E03-89F0-216230FBA69C}.Release|iPhoneSimulator.Build.0 = Release|x64
		{26EF6A91-C10F-4E03-89F0-216230FBA69C}.Release|iPhoneSimulator.Deploy.0 = Release|x64
		{26EF6A91-C10F-4E03-89F0-216230FBA69C}.Release|x64.ActiveCfg = Release|x64
		{26EF6A91-C10F-4E03-89F0-216230FBA69C}.Release|x64.Build.0 = Release|x64
		{26EF6A91-C10F-4E03-89F0-216230FBA69C}.Release|x64.Deploy.0 = Release|x64
		{26EF6A91-C10F-4E03-89F0-216230FBA69C}.Release|x86.ActiveCfg = Release|x86
		{26EF6A91-C10F-4E03-89F0-216230FBA69C}.Release|x86.Build.0 = Release|x86
		{26EF6A91-C10F-4E03-89F0-216230FBA69C}.Release|x86.Deploy.0 = Release|x86
		{657626C9-FC54-4FB0-8ED7-2144AD0DDBB1}.Debug|Any CPU.ActiveCfg = Debug|Any CPU
		{657626C9-FC54-4FB0-8ED7-2144AD0DDBB1}.Debug|Any CPU.Build.0 = Debug|Any CPU
		{657626C9-FC54-4FB0-8ED7-2144AD0DDBB1}.Debug|Any CPU.Deploy.0 = Debug|Any CPU
		{657626C9-FC54-4FB0-8ED7-2144AD0DDBB1}.Debug|ARM.ActiveCfg = Debug|Any CPU
		{657626C9-FC54-4FB0-8ED7-2144AD0DDBB1}.Debug|ARM.Build.0 = Debug|Any CPU
		{657626C9-FC54-4FB0-8ED7-2144AD0DDBB1}.Debug|ARM.Deploy.0 = Debug|Any CPU
		{657626C9-FC54-4FB0-8ED7-2144AD0DDBB1}.Debug|iPhone.ActiveCfg = Debug|Any CPU
		{657626C9-FC54-4FB0-8ED7-2144AD0DDBB1}.Debug|iPhone.Build.0 = Debug|Any CPU
		{657626C9-FC54-4FB0-8ED7-2144AD0DDBB1}.Debug|iPhone.Deploy.0 = Debug|Any CPU
		{657626C9-FC54-4FB0-8ED7-2144AD0DDBB1}.Debug|iPhoneSimulator.ActiveCfg = Debug|Any CPU
		{657626C9-FC54-4FB0-8ED7-2144AD0DDBB1}.Debug|iPhoneSimulator.Build.0 = Debug|Any CPU
		{657626C9-FC54-4FB0-8ED7-2144AD0DDBB1}.Debug|iPhoneSimulator.Deploy.0 = Debug|Any CPU
		{657626C9-FC54-4FB0-8ED7-2144AD0DDBB1}.Debug|x64.ActiveCfg = Debug|Any CPU
		{657626C9-FC54-4FB0-8ED7-2144AD0DDBB1}.Debug|x64.Build.0 = Debug|Any CPU
		{657626C9-FC54-4FB0-8ED7-2144AD0DDBB1}.Debug|x64.Deploy.0 = Debug|Any CPU
		{657626C9-FC54-4FB0-8ED7-2144AD0DDBB1}.Debug|x86.ActiveCfg = Debug|Any CPU
		{657626C9-FC54-4FB0-8ED7-2144AD0DDBB1}.Debug|x86.Build.0 = Debug|Any CPU
		{657626C9-FC54-4FB0-8ED7-2144AD0DDBB1}.Debug|x86.Deploy.0 = Debug|Any CPU
		{657626C9-FC54-4FB0-8ED7-2144AD0DDBB1}.Release|Any CPU.ActiveCfg = Release|Any CPU
		{657626C9-FC54-4FB0-8ED7-2144AD0DDBB1}.Release|Any CPU.Build.0 = Release|Any CPU
		{657626C9-FC54-4FB0-8ED7-2144AD0DDBB1}.Release|Any CPU.Deploy.0 = Release|Any CPU
		{657626C9-FC54-4FB0-8ED7-2144AD0DDBB1}.Release|ARM.ActiveCfg = Release|Any CPU
		{657626C9-FC54-4FB0-8ED7-2144AD0DDBB1}.Release|ARM.Build.0 = Release|Any CPU
		{657626C9-FC54-4FB0-8ED7-2144AD0DDBB1}.Release|ARM.Deploy.0 = Release|Any CPU
		{657626C9-FC54-4FB0-8ED7-2144AD0DDBB1}.Release|iPhone.ActiveCfg = Release|Any CPU
		{657626C9-FC54-4FB0-8ED7-2144AD0DDBB1}.Release|iPhone.Build.0 = Release|Any CPU
		{657626C9-FC54-4FB0-8ED7-2144AD0DDBB1}.Release|iPhone.Deploy.0 = Release|Any CPU
		{657626C9-FC54-4FB0-8ED7-2144AD0DDBB1}.Release|iPhoneSimulator.ActiveCfg = Release|Any CPU
		{657626C9-FC54-4FB0-8ED7-2144AD0DDBB1}.Release|iPhoneSimulator.Build.0 = Release|Any CPU
		{657626C9-FC54-4FB0-8ED7-2144AD0DDBB1}.Release|iPhoneSimulator.Deploy.0 = Release|Any CPU
		{657626C9-FC54-4FB0-8ED7-2144AD0DDBB1}.Release|x64.ActiveCfg = Release|Any CPU
		{657626C9-FC54-4FB0-8ED7-2144AD0DDBB1}.Release|x64.Build.0 = Release|Any CPU
		{657626C9-FC54-4FB0-8ED7-2144AD0DDBB1}.Release|x64.Deploy.0 = Release|Any CPU
		{657626C9-FC54-4FB0-8ED7-2144AD0DDBB1}.Release|x86.ActiveCfg = Release|Any CPU
		{657626C9-FC54-4FB0-8ED7-2144AD0DDBB1}.Release|x86.Build.0 = Release|Any CPU
		{657626C9-FC54-4FB0-8ED7-2144AD0DDBB1}.Release|x86.Deploy.0 = Release|Any CPU
		{366E54E2-6C5C-4C50-B749-934281E54F40}.Debug|Any CPU.ActiveCfg = Debug|Any CPU
		{366E54E2-6C5C-4C50-B749-934281E54F40}.Debug|Any CPU.Build.0 = Debug|Any CPU
		{366E54E2-6C5C-4C50-B749-934281E54F40}.Debug|ARM.ActiveCfg = Debug|Any CPU
		{366E54E2-6C5C-4C50-B749-934281E54F40}.Debug|ARM.Build.0 = Debug|Any CPU
		{366E54E2-6C5C-4C50-B749-934281E54F40}.Debug|iPhone.ActiveCfg = Debug|Any CPU
		{366E54E2-6C5C-4C50-B749-934281E54F40}.Debug|iPhone.Build.0 = Debug|Any CPU
		{366E54E2-6C5C-4C50-B749-934281E54F40}.Debug|iPhoneSimulator.ActiveCfg = Debug|Any CPU
		{366E54E2-6C5C-4C50-B749-934281E54F40}.Debug|iPhoneSimulator.Build.0 = Debug|Any CPU
		{366E54E2-6C5C-4C50-B749-934281E54F40}.Debug|x64.ActiveCfg = Debug|Any CPU
		{366E54E2-6C5C-4C50-B749-934281E54F40}.Debug|x64.Build.0 = Debug|Any CPU
		{366E54E2-6C5C-4C50-B749-934281E54F40}.Debug|x86.ActiveCfg = Debug|Any CPU
		{366E54E2-6C5C-4C50-B749-934281E54F40}.Debug|x86.Build.0 = Debug|Any CPU
		{366E54E2-6C5C-4C50-B749-934281E54F40}.Release|Any CPU.ActiveCfg = Release|Any CPU
		{366E54E2-6C5C-4C50-B749-934281E54F40}.Release|Any CPU.Build.0 = Release|Any CPU
		{366E54E2-6C5C-4C50-B749-934281E54F40}.Release|ARM.ActiveCfg = Release|Any CPU
		{366E54E2-6C5C-4C50-B749-934281E54F40}.Release|ARM.Build.0 = Release|Any CPU
		{366E54E2-6C5C-4C50-B749-934281E54F40}.Release|iPhone.ActiveCfg = Release|Any CPU
		{366E54E2-6C5C-4C50-B749-934281E54F40}.Release|iPhone.Build.0 = Release|Any CPU
		{366E54E2-6C5C-4C50-B749-934281E54F40}.Release|iPhoneSimulator.ActiveCfg = Release|Any CPU
		{366E54E2-6C5C-4C50-B749-934281E54F40}.Release|iPhoneSimulator.Build.0 = Release|Any CPU
		{366E54E2-6C5C-4C50-B749-934281E54F40}.Release|x64.ActiveCfg = Release|Any CPU
		{366E54E2-6C5C-4C50-B749-934281E54F40}.Release|x64.Build.0 = Release|Any CPU
		{366E54E2-6C5C-4C50-B749-934281E54F40}.Release|x86.ActiveCfg = Release|Any CPU
		{366E54E2-6C5C-4C50-B749-934281E54F40}.Release|x86.Build.0 = Release|Any CPU
		{89A3B300-3AB5-4BD6-9CD7-F7E81229EF43}.Debug|Any CPU.ActiveCfg = Debug|Any CPU
		{89A3B300-3AB5-4BD6-9CD7-F7E81229EF43}.Debug|Any CPU.Build.0 = Debug|Any CPU
		{89A3B300-3AB5-4BD6-9CD7-F7E81229EF43}.Debug|ARM.ActiveCfg = Debug|Any CPU
		{89A3B300-3AB5-4BD6-9CD7-F7E81229EF43}.Debug|ARM.Build.0 = Debug|Any CPU
		{89A3B300-3AB5-4BD6-9CD7-F7E81229EF43}.Debug|iPhone.ActiveCfg = Debug|Any CPU
		{89A3B300-3AB5-4BD6-9CD7-F7E81229EF43}.Debug|iPhone.Build.0 = Debug|Any CPU
		{89A3B300-3AB5-4BD6-9CD7-F7E81229EF43}.Debug|iPhoneSimulator.ActiveCfg = Debug|Any CPU
		{89A3B300-3AB5-4BD6-9CD7-F7E81229EF43}.Debug|iPhoneSimulator.Build.0 = Debug|Any CPU
		{89A3B300-3AB5-4BD6-9CD7-F7E81229EF43}.Debug|x64.ActiveCfg = Debug|Any CPU
		{89A3B300-3AB5-4BD6-9CD7-F7E81229EF43}.Debug|x64.Build.0 = Debug|Any CPU
		{89A3B300-3AB5-4BD6-9CD7-F7E81229EF43}.Debug|x86.ActiveCfg = Debug|Any CPU
		{89A3B300-3AB5-4BD6-9CD7-F7E81229EF43}.Debug|x86.Build.0 = Debug|Any CPU
		{89A3B300-3AB5-4BD6-9CD7-F7E81229EF43}.Release|Any CPU.ActiveCfg = Release|Any CPU
		{89A3B300-3AB5-4BD6-9CD7-F7E81229EF43}.Release|Any CPU.Build.0 = Release|Any CPU
		{89A3B300-3AB5-4BD6-9CD7-F7E81229EF43}.Release|ARM.ActiveCfg = Release|Any CPU
		{89A3B300-3AB5-4BD6-9CD7-F7E81229EF43}.Release|ARM.Build.0 = Release|Any CPU
		{89A3B300-3AB5-4BD6-9CD7-F7E81229EF43}.Release|iPhone.ActiveCfg = Release|Any CPU
		{89A3B300-3AB5-4BD6-9CD7-F7E81229EF43}.Release|iPhone.Build.0 = Release|Any CPU
		{89A3B300-3AB5-4BD6-9CD7-F7E81229EF43}.Release|iPhoneSimulator.ActiveCfg = Release|Any CPU
		{89A3B300-3AB5-4BD6-9CD7-F7E81229EF43}.Release|iPhoneSimulator.Build.0 = Release|Any CPU
		{89A3B300-3AB5-4BD6-9CD7-F7E81229EF43}.Release|x64.ActiveCfg = Release|Any CPU
		{89A3B300-3AB5-4BD6-9CD7-F7E81229EF43}.Release|x64.Build.0 = Release|Any CPU
		{89A3B300-3AB5-4BD6-9CD7-F7E81229EF43}.Release|x86.ActiveCfg = Release|Any CPU
		{89A3B300-3AB5-4BD6-9CD7-F7E81229EF43}.Release|x86.Build.0 = Release|Any CPU
		{8D6C7778-8E46-41A6-AD36-10089A4AE24E}.Debug|Any CPU.ActiveCfg = Debug|Any CPU
		{8D6C7778-8E46-41A6-AD36-10089A4AE24E}.Debug|Any CPU.Build.0 = Debug|Any CPU
		{8D6C7778-8E46-41A6-AD36-10089A4AE24E}.Debug|ARM.ActiveCfg = Debug|Any CPU
		{8D6C7778-8E46-41A6-AD36-10089A4AE24E}.Debug|ARM.Build.0 = Debug|Any CPU
		{8D6C7778-8E46-41A6-AD36-10089A4AE24E}.Debug|iPhone.ActiveCfg = Debug|Any CPU
		{8D6C7778-8E46-41A6-AD36-10089A4AE24E}.Debug|iPhone.Build.0 = Debug|Any CPU
		{8D6C7778-8E46-41A6-AD36-10089A4AE24E}.Debug|iPhoneSimulator.ActiveCfg = Debug|Any CPU
		{8D6C7778-8E46-41A6-AD36-10089A4AE24E}.Debug|iPhoneSimulator.Build.0 = Debug|Any CPU
		{8D6C7778-8E46-41A6-AD36-10089A4AE24E}.Debug|x64.ActiveCfg = Debug|Any CPU
		{8D6C7778-8E46-41A6-AD36-10089A4AE24E}.Debug|x64.Build.0 = Debug|Any CPU
		{8D6C7778-8E46-41A6-AD36-10089A4AE24E}.Debug|x86.ActiveCfg = Debug|Any CPU
		{8D6C7778-8E46-41A6-AD36-10089A4AE24E}.Debug|x86.Build.0 = Debug|Any CPU
		{8D6C7778-8E46-41A6-AD36-10089A4AE24E}.Release|Any CPU.ActiveCfg = Release|Any CPU
		{8D6C7778-8E46-41A6-AD36-10089A4AE24E}.Release|Any CPU.Build.0 = Release|Any CPU
		{8D6C7778-8E46-41A6-AD36-10089A4AE24E}.Release|ARM.ActiveCfg = Release|Any CPU
		{8D6C7778-8E46-41A6-AD36-10089A4AE24E}.Release|ARM.Build.0 = Release|Any CPU
		{8D6C7778-8E46-41A6-AD36-10089A4AE24E}.Release|iPhone.ActiveCfg = Release|Any CPU
		{8D6C7778-8E46-41A6-AD36-10089A4AE24E}.Release|iPhone.Build.0 = Release|Any CPU
		{8D6C7778-8E46-41A6-AD36-10089A4AE24E}.Release|iPhoneSimulator.ActiveCfg = Release|Any CPU
		{8D6C7778-8E46-41A6-AD36-10089A4AE24E}.Release|iPhoneSimulator.Build.0 = Release|Any CPU
		{8D6C7778-8E46-41A6-AD36-10089A4AE24E}.Release|x64.ActiveCfg = Release|Any CPU
		{8D6C7778-8E46-41A6-AD36-10089A4AE24E}.Release|x64.Build.0 = Release|Any CPU
		{8D6C7778-8E46-41A6-AD36-10089A4AE24E}.Release|x86.ActiveCfg = Release|Any CPU
		{8D6C7778-8E46-41A6-AD36-10089A4AE24E}.Release|x86.Build.0 = Release|Any CPU
		{762DB513-B75A-48CD-8C40-B0BBBC592F9F}.Debug|Any CPU.ActiveCfg = Debug|x64
		{762DB513-B75A-48CD-8C40-B0BBBC592F9F}.Debug|Any CPU.Build.0 = Debug|x64
		{762DB513-B75A-48CD-8C40-B0BBBC592F9F}.Debug|Any CPU.Deploy.0 = Debug|x64
		{762DB513-B75A-48CD-8C40-B0BBBC592F9F}.Debug|ARM.ActiveCfg = Debug|ARM
		{762DB513-B75A-48CD-8C40-B0BBBC592F9F}.Debug|ARM.Build.0 = Debug|ARM
		{762DB513-B75A-48CD-8C40-B0BBBC592F9F}.Debug|ARM.Deploy.0 = Debug|ARM
		{762DB513-B75A-48CD-8C40-B0BBBC592F9F}.Debug|iPhone.ActiveCfg = Debug|x64
		{762DB513-B75A-48CD-8C40-B0BBBC592F9F}.Debug|iPhone.Build.0 = Debug|x64
		{762DB513-B75A-48CD-8C40-B0BBBC592F9F}.Debug|iPhone.Deploy.0 = Debug|x64
		{762DB513-B75A-48CD-8C40-B0BBBC592F9F}.Debug|iPhoneSimulator.ActiveCfg = Debug|x64
		{762DB513-B75A-48CD-8C40-B0BBBC592F9F}.Debug|iPhoneSimulator.Build.0 = Debug|x64
		{762DB513-B75A-48CD-8C40-B0BBBC592F9F}.Debug|iPhoneSimulator.Deploy.0 = Debug|x64
		{762DB513-B75A-48CD-8C40-B0BBBC592F9F}.Debug|x64.ActiveCfg = Debug|x64
		{762DB513-B75A-48CD-8C40-B0BBBC592F9F}.Debug|x64.Build.0 = Debug|x64
		{762DB513-B75A-48CD-8C40-B0BBBC592F9F}.Debug|x64.Deploy.0 = Debug|x64
		{762DB513-B75A-48CD-8C40-B0BBBC592F9F}.Debug|x86.ActiveCfg = Debug|x86
		{762DB513-B75A-48CD-8C40-B0BBBC592F9F}.Debug|x86.Build.0 = Debug|x86
		{762DB513-B75A-48CD-8C40-B0BBBC592F9F}.Debug|x86.Deploy.0 = Debug|x86
		{762DB513-B75A-48CD-8C40-B0BBBC592F9F}.Release|Any CPU.ActiveCfg = Release|x64
		{762DB513-B75A-48CD-8C40-B0BBBC592F9F}.Release|Any CPU.Build.0 = Release|x64
		{762DB513-B75A-48CD-8C40-B0BBBC592F9F}.Release|Any CPU.Deploy.0 = Release|x64
		{762DB513-B75A-48CD-8C40-B0BBBC592F9F}.Release|ARM.ActiveCfg = Release|ARM
		{762DB513-B75A-48CD-8C40-B0BBBC592F9F}.Release|ARM.Build.0 = Release|ARM
		{762DB513-B75A-48CD-8C40-B0BBBC592F9F}.Release|ARM.Deploy.0 = Release|ARM
		{762DB513-B75A-48CD-8C40-B0BBBC592F9F}.Release|iPhone.ActiveCfg = Release|x64
		{762DB513-B75A-48CD-8C40-B0BBBC592F9F}.Release|iPhone.Build.0 = Release|x64
		{762DB513-B75A-48CD-8C40-B0BBBC592F9F}.Release|iPhone.Deploy.0 = Release|x64
		{762DB513-B75A-48CD-8C40-B0BBBC592F9F}.Release|iPhoneSimulator.ActiveCfg = Release|x64
		{762DB513-B75A-48CD-8C40-B0BBBC592F9F}.Release|iPhoneSimulator.Build.0 = Release|x64
		{762DB513-B75A-48CD-8C40-B0BBBC592F9F}.Release|iPhoneSimulator.Deploy.0 = Release|x64
		{762DB513-B75A-48CD-8C40-B0BBBC592F9F}.Release|x64.ActiveCfg = Release|x64
		{762DB513-B75A-48CD-8C40-B0BBBC592F9F}.Release|x64.Build.0 = Release|x64
		{762DB513-B75A-48CD-8C40-B0BBBC592F9F}.Release|x64.Deploy.0 = Release|x64
		{762DB513-B75A-48CD-8C40-B0BBBC592F9F}.Release|x86.ActiveCfg = Release|x86
		{762DB513-B75A-48CD-8C40-B0BBBC592F9F}.Release|x86.Build.0 = Release|x86
		{762DB513-B75A-48CD-8C40-B0BBBC592F9F}.Release|x86.Deploy.0 = Release|x86
		{0FF794AA-A35D-4D10-B54F-3E88A5C04AEB}.Debug|Any CPU.ActiveCfg = Debug|Any CPU
		{0FF794AA-A35D-4D10-B54F-3E88A5C04AEB}.Debug|Any CPU.Build.0 = Debug|Any CPU
		{0FF794AA-A35D-4D10-B54F-3E88A5C04AEB}.Debug|Any CPU.Deploy.0 = Debug|Any CPU
		{0FF794AA-A35D-4D10-B54F-3E88A5C04AEB}.Debug|ARM.ActiveCfg = Debug|Any CPU
		{0FF794AA-A35D-4D10-B54F-3E88A5C04AEB}.Debug|ARM.Build.0 = Debug|Any CPU
		{0FF794AA-A35D-4D10-B54F-3E88A5C04AEB}.Debug|ARM.Deploy.0 = Debug|Any CPU
		{0FF794AA-A35D-4D10-B54F-3E88A5C04AEB}.Debug|iPhone.ActiveCfg = Debug|Any CPU
		{0FF794AA-A35D-4D10-B54F-3E88A5C04AEB}.Debug|iPhone.Build.0 = Debug|Any CPU
		{0FF794AA-A35D-4D10-B54F-3E88A5C04AEB}.Debug|iPhone.Deploy.0 = Debug|Any CPU
		{0FF794AA-A35D-4D10-B54F-3E88A5C04AEB}.Debug|iPhoneSimulator.ActiveCfg = Debug|Any CPU
		{0FF794AA-A35D-4D10-B54F-3E88A5C04AEB}.Debug|iPhoneSimulator.Build.0 = Debug|Any CPU
		{0FF794AA-A35D-4D10-B54F-3E88A5C04AEB}.Debug|iPhoneSimulator.Deploy.0 = Debug|Any CPU
		{0FF794AA-A35D-4D10-B54F-3E88A5C04AEB}.Debug|x64.ActiveCfg = Debug|Any CPU
		{0FF794AA-A35D-4D10-B54F-3E88A5C04AEB}.Debug|x64.Build.0 = Debug|Any CPU
		{0FF794AA-A35D-4D10-B54F-3E88A5C04AEB}.Debug|x64.Deploy.0 = Debug|Any CPU
		{0FF794AA-A35D-4D10-B54F-3E88A5C04AEB}.Debug|x86.ActiveCfg = Debug|Any CPU
		{0FF794AA-A35D-4D10-B54F-3E88A5C04AEB}.Debug|x86.Build.0 = Debug|Any CPU
		{0FF794AA-A35D-4D10-B54F-3E88A5C04AEB}.Debug|x86.Deploy.0 = Debug|Any CPU
		{0FF794AA-A35D-4D10-B54F-3E88A5C04AEB}.Release|Any CPU.ActiveCfg = Release|Any CPU
		{0FF794AA-A35D-4D10-B54F-3E88A5C04AEB}.Release|Any CPU.Build.0 = Release|Any CPU
		{0FF794AA-A35D-4D10-B54F-3E88A5C04AEB}.Release|Any CPU.Deploy.0 = Release|Any CPU
		{0FF794AA-A35D-4D10-B54F-3E88A5C04AEB}.Release|ARM.ActiveCfg = Release|Any CPU
		{0FF794AA-A35D-4D10-B54F-3E88A5C04AEB}.Release|ARM.Build.0 = Release|Any CPU
		{0FF794AA-A35D-4D10-B54F-3E88A5C04AEB}.Release|ARM.Deploy.0 = Release|Any CPU
		{0FF794AA-A35D-4D10-B54F-3E88A5C04AEB}.Release|iPhone.ActiveCfg = Release|Any CPU
		{0FF794AA-A35D-4D10-B54F-3E88A5C04AEB}.Release|iPhone.Build.0 = Release|Any CPU
		{0FF794AA-A35D-4D10-B54F-3E88A5C04AEB}.Release|iPhone.Deploy.0 = Release|Any CPU
		{0FF794AA-A35D-4D10-B54F-3E88A5C04AEB}.Release|iPhoneSimulator.ActiveCfg = Release|Any CPU
		{0FF794AA-A35D-4D10-B54F-3E88A5C04AEB}.Release|iPhoneSimulator.Build.0 = Release|Any CPU
		{0FF794AA-A35D-4D10-B54F-3E88A5C04AEB}.Release|iPhoneSimulator.Deploy.0 = Release|Any CPU
		{0FF794AA-A35D-4D10-B54F-3E88A5C04AEB}.Release|x64.ActiveCfg = Release|Any CPU
		{0FF794AA-A35D-4D10-B54F-3E88A5C04AEB}.Release|x64.Build.0 = Release|Any CPU
		{0FF794AA-A35D-4D10-B54F-3E88A5C04AEB}.Release|x64.Deploy.0 = Release|Any CPU
		{0FF794AA-A35D-4D10-B54F-3E88A5C04AEB}.Release|x86.ActiveCfg = Release|Any CPU
		{0FF794AA-A35D-4D10-B54F-3E88A5C04AEB}.Release|x86.Build.0 = Release|Any CPU
		{0FF794AA-A35D-4D10-B54F-3E88A5C04AEB}.Release|x86.Deploy.0 = Release|Any CPU
		{87A1AA5F-2A67-4D26-879C-3D31B95BD2FA}.Debug|Any CPU.ActiveCfg = Debug|iPhoneSimulator
		{87A1AA5F-2A67-4D26-879C-3D31B95BD2FA}.Debug|Any CPU.Build.0 = Debug|iPhoneSimulator
		{87A1AA5F-2A67-4D26-879C-3D31B95BD2FA}.Debug|ARM.ActiveCfg = Debug|iPhoneSimulator
		{87A1AA5F-2A67-4D26-879C-3D31B95BD2FA}.Debug|ARM.Build.0 = Debug|iPhoneSimulator
		{87A1AA5F-2A67-4D26-879C-3D31B95BD2FA}.Debug|iPhone.ActiveCfg = Debug|iPhone
		{87A1AA5F-2A67-4D26-879C-3D31B95BD2FA}.Debug|iPhone.Build.0 = Debug|iPhone
		{87A1AA5F-2A67-4D26-879C-3D31B95BD2FA}.Debug|iPhoneSimulator.ActiveCfg = Debug|iPhoneSimulator
		{87A1AA5F-2A67-4D26-879C-3D31B95BD2FA}.Debug|iPhoneSimulator.Build.0 = Debug|iPhoneSimulator
		{87A1AA5F-2A67-4D26-879C-3D31B95BD2FA}.Debug|x64.ActiveCfg = Debug|iPhoneSimulator
		{87A1AA5F-2A67-4D26-879C-3D31B95BD2FA}.Debug|x64.Build.0 = Debug|iPhoneSimulator
		{87A1AA5F-2A67-4D26-879C-3D31B95BD2FA}.Debug|x86.ActiveCfg = Debug|iPhoneSimulator
		{87A1AA5F-2A67-4D26-879C-3D31B95BD2FA}.Debug|x86.Build.0 = Debug|iPhoneSimulator
		{87A1AA5F-2A67-4D26-879C-3D31B95BD2FA}.Release|Any CPU.ActiveCfg = Release|iPhoneSimulator
		{87A1AA5F-2A67-4D26-879C-3D31B95BD2FA}.Release|Any CPU.Build.0 = Release|iPhoneSimulator
		{87A1AA5F-2A67-4D26-879C-3D31B95BD2FA}.Release|ARM.ActiveCfg = Release|iPhoneSimulator
		{87A1AA5F-2A67-4D26-879C-3D31B95BD2FA}.Release|ARM.Build.0 = Release|iPhoneSimulator
		{87A1AA5F-2A67-4D26-879C-3D31B95BD2FA}.Release|iPhone.ActiveCfg = Release|iPhone
		{87A1AA5F-2A67-4D26-879C-3D31B95BD2FA}.Release|iPhone.Build.0 = Release|iPhone
		{87A1AA5F-2A67-4D26-879C-3D31B95BD2FA}.Release|iPhoneSimulator.ActiveCfg = Release|iPhoneSimulator
		{87A1AA5F-2A67-4D26-879C-3D31B95BD2FA}.Release|iPhoneSimulator.Build.0 = Release|iPhoneSimulator
		{87A1AA5F-2A67-4D26-879C-3D31B95BD2FA}.Release|x64.ActiveCfg = Release|iPhoneSimulator
		{87A1AA5F-2A67-4D26-879C-3D31B95BD2FA}.Release|x64.Build.0 = Release|iPhoneSimulator
		{87A1AA5F-2A67-4D26-879C-3D31B95BD2FA}.Release|x86.ActiveCfg = Release|iPhoneSimulator
		{87A1AA5F-2A67-4D26-879C-3D31B95BD2FA}.Release|x86.Build.0 = Release|iPhoneSimulator
		{4B792DD1-C0E6-453A-8BC8-B4F4A902891B}.Debug|Any CPU.ActiveCfg = Debug|Any CPU
		{4B792DD1-C0E6-453A-8BC8-B4F4A902891B}.Debug|Any CPU.Build.0 = Debug|Any CPU
		{4B792DD1-C0E6-453A-8BC8-B4F4A902891B}.Debug|ARM.ActiveCfg = Debug|Any CPU
		{4B792DD1-C0E6-453A-8BC8-B4F4A902891B}.Debug|ARM.Build.0 = Debug|Any CPU
		{4B792DD1-C0E6-453A-8BC8-B4F4A902891B}.Debug|iPhone.ActiveCfg = Debug|Any CPU
		{4B792DD1-C0E6-453A-8BC8-B4F4A902891B}.Debug|iPhone.Build.0 = Debug|Any CPU
		{4B792DD1-C0E6-453A-8BC8-B4F4A902891B}.Debug|iPhoneSimulator.ActiveCfg = Debug|Any CPU
		{4B792DD1-C0E6-453A-8BC8-B4F4A902891B}.Debug|iPhoneSimulator.Build.0 = Debug|Any CPU
		{4B792DD1-C0E6-453A-8BC8-B4F4A902891B}.Debug|x64.ActiveCfg = Debug|Any CPU
		{4B792DD1-C0E6-453A-8BC8-B4F4A902891B}.Debug|x64.Build.0 = Debug|Any CPU
		{4B792DD1-C0E6-453A-8BC8-B4F4A902891B}.Debug|x86.ActiveCfg = Debug|Any CPU
		{4B792DD1-C0E6-453A-8BC8-B4F4A902891B}.Debug|x86.Build.0 = Debug|Any CPU
		{4B792DD1-C0E6-453A-8BC8-B4F4A902891B}.Release|Any CPU.ActiveCfg = Release|Any CPU
		{4B792DD1-C0E6-453A-8BC8-B4F4A902891B}.Release|Any CPU.Build.0 = Release|Any CPU
		{4B792DD1-C0E6-453A-8BC8-B4F4A902891B}.Release|ARM.ActiveCfg = Release|Any CPU
		{4B792DD1-C0E6-453A-8BC8-B4F4A902891B}.Release|ARM.Build.0 = Release|Any CPU
		{4B792DD1-C0E6-453A-8BC8-B4F4A902891B}.Release|iPhone.ActiveCfg = Release|Any CPU
		{4B792DD1-C0E6-453A-8BC8-B4F4A902891B}.Release|iPhone.Build.0 = Release|Any CPU
		{4B792DD1-C0E6-453A-8BC8-B4F4A902891B}.Release|iPhoneSimulator.ActiveCfg = Release|Any CPU
		{4B792DD1-C0E6-453A-8BC8-B4F4A902891B}.Release|iPhoneSimulator.Build.0 = Release|Any CPU
		{4B792DD1-C0E6-453A-8BC8-B4F4A902891B}.Release|x64.ActiveCfg = Release|Any CPU
		{4B792DD1-C0E6-453A-8BC8-B4F4A902891B}.Release|x64.Build.0 = Release|Any CPU
		{4B792DD1-C0E6-453A-8BC8-B4F4A902891B}.Release|x86.ActiveCfg = Release|Any CPU
		{4B792DD1-C0E6-453A-8BC8-B4F4A902891B}.Release|x86.Build.0 = Release|Any CPU
		{123BFE7E-0DC1-4E20-8B41-B91B977B432B}.Debug|Any CPU.ActiveCfg = Debug|Any CPU
		{123BFE7E-0DC1-4E20-8B41-B91B977B432B}.Debug|Any CPU.Build.0 = Debug|Any CPU
		{123BFE7E-0DC1-4E20-8B41-B91B977B432B}.Debug|ARM.ActiveCfg = Debug|Any CPU
		{123BFE7E-0DC1-4E20-8B41-B91B977B432B}.Debug|ARM.Build.0 = Debug|Any CPU
		{123BFE7E-0DC1-4E20-8B41-B91B977B432B}.Debug|iPhone.ActiveCfg = Debug|Any CPU
		{123BFE7E-0DC1-4E20-8B41-B91B977B432B}.Debug|iPhone.Build.0 = Debug|Any CPU
		{123BFE7E-0DC1-4E20-8B41-B91B977B432B}.Debug|iPhoneSimulator.ActiveCfg = Debug|Any CPU
		{123BFE7E-0DC1-4E20-8B41-B91B977B432B}.Debug|iPhoneSimulator.Build.0 = Debug|Any CPU
		{123BFE7E-0DC1-4E20-8B41-B91B977B432B}.Debug|x64.ActiveCfg = Debug|Any CPU
		{123BFE7E-0DC1-4E20-8B41-B91B977B432B}.Debug|x64.Build.0 = Debug|Any CPU
		{123BFE7E-0DC1-4E20-8B41-B91B977B432B}.Debug|x86.ActiveCfg = Debug|Any CPU
		{123BFE7E-0DC1-4E20-8B41-B91B977B432B}.Debug|x86.Build.0 = Debug|Any CPU
		{123BFE7E-0DC1-4E20-8B41-B91B977B432B}.Release|Any CPU.ActiveCfg = Release|Any CPU
		{123BFE7E-0DC1-4E20-8B41-B91B977B432B}.Release|Any CPU.Build.0 = Release|Any CPU
		{123BFE7E-0DC1-4E20-8B41-B91B977B432B}.Release|ARM.ActiveCfg = Release|Any CPU
		{123BFE7E-0DC1-4E20-8B41-B91B977B432B}.Release|ARM.Build.0 = Release|Any CPU
		{123BFE7E-0DC1-4E20-8B41-B91B977B432B}.Release|iPhone.ActiveCfg = Release|Any CPU
		{123BFE7E-0DC1-4E20-8B41-B91B977B432B}.Release|iPhone.Build.0 = Release|Any CPU
		{123BFE7E-0DC1-4E20-8B41-B91B977B432B}.Release|iPhoneSimulator.ActiveCfg = Release|Any CPU
		{123BFE7E-0DC1-4E20-8B41-B91B977B432B}.Release|iPhoneSimulator.Build.0 = Release|Any CPU
		{123BFE7E-0DC1-4E20-8B41-B91B977B432B}.Release|x64.ActiveCfg = Release|Any CPU
		{123BFE7E-0DC1-4E20-8B41-B91B977B432B}.Release|x64.Build.0 = Release|Any CPU
		{123BFE7E-0DC1-4E20-8B41-B91B977B432B}.Release|x86.ActiveCfg = Release|Any CPU
		{123BFE7E-0DC1-4E20-8B41-B91B977B432B}.Release|x86.Build.0 = Release|Any CPU
	EndGlobalSection
	GlobalSection(SolutionProperties) = preSolution
		HideSolutionNode = FALSE
	EndGlobalSection
	GlobalSection(NestedProjects) = preSolution
		{77D77033-4B95-418A-B13E-87074C021CF9} = {121C535D-5C1B-42FF-8356-643C09A433C1}
		{8F084BA8-1900-4F02-AB2A-0F5486E8907F} = {121C535D-5C1B-42FF-8356-643C09A433C1}
		{DDD75A25-BF59-4EBA-A20D-669861B7EF52} = {121C535D-5C1B-42FF-8356-643C09A433C1}
		{C6929CE1-DC59-43CE-BB7C-DD360B24580E} = {064BE741-952B-4B38-AB9C-DB30B6B1A0F5}
		{3FBD3B85-42BB-475A-AD64-3AF3CF0D7D77} = {064BE741-952B-4B38-AB9C-DB30B6B1A0F5}
		{14047DDE-B75E-4A61-97FD-CDF6228D4AB6} = {064BE741-952B-4B38-AB9C-DB30B6B1A0F5}
		{26EF6A91-C10F-4E03-89F0-216230FBA69C} = {6FA18C6F-E170-4E0C-9ECB-A2E0E803FA7D}
		{657626C9-FC54-4FB0-8ED7-2144AD0DDBB1} = {6FA18C6F-E170-4E0C-9ECB-A2E0E803FA7D}
		{366E54E2-6C5C-4C50-B749-934281E54F40} = {6FA18C6F-E170-4E0C-9ECB-A2E0E803FA7D}
		{762DB513-B75A-48CD-8C40-B0BBBC592F9F} = {9B6AF2B5-2F2A-4763-A63D-17C438175E4D}
		{0FF794AA-A35D-4D10-B54F-3E88A5C04AEB} = {9B6AF2B5-2F2A-4763-A63D-17C438175E4D}
		{87A1AA5F-2A67-4D26-879C-3D31B95BD2FA} = {9B6AF2B5-2F2A-4763-A63D-17C438175E4D}
		{4B792DD1-C0E6-453A-8BC8-B4F4A902891B} = {9B6AF2B5-2F2A-4763-A63D-17C438175E4D}
	EndGlobalSection
	GlobalSection(ExtensibilityGlobals) = postSolution
		SolutionGuid = {ECAAB34E-8A26-4734-A658-53078867FBB8}
	EndGlobalSection
EndGlobal
